
Microsoft Visual Studio Solution File, Format Version 12.00
# Visual Studio Version 17
VisualStudioVersion = 17.7.34031.279
MinimumVisualStudioVersion = 10.0.40219.1
Project("{FAE04EC0-301F-11D3-BF4B-00C04F79EFBC}") = "TestingDynamik", "TestingDynamik.csproj", "{3C7044AC-12E8-4716-BEC1-5B89317D7A55}"
EndProject
Global
	GlobalSection(SolutionConfigurationPlatforms) = preSolution
		Debug|Any CPU = Debug|Any CPU
		Release|Any CPU = Release|Any CPU
	EndGlobalSection
	GlobalSection(ProjectConfigurationPlatforms) = postSolution
		{3C7044AC-12E8-4716-BEC1-5B89317D7A55}.Debug|Any CPU.ActiveCfg = Debug|Any CPU
		{3C7044AC-12E8-4716-BEC1-5B89317D7A55}.Debug|Any CPU.Build.0 = Debug|Any CPU
		{3C7044AC-12E8-4716-BEC1-5B89317D7A55}.Release|Any CPU.ActiveCfg = Release|Any CPU
		{3C7044AC-12E8-4716-BEC1-5B89317D7A55}.Release|Any CPU.Build.0 = Release|Any CPU
	EndGlobalSection
	GlobalSection(SolutionProperties) = preSolution
		HideSolutionNode = FALSE
	EndGlobalSection
	GlobalSection(ExtensibilityGlobals) = postSolution
		SolutionGuid = {2CB32275-7E45-4001-BBB4-97D89F69D570}
	EndGlobalSection
EndGlobal
